
Microsoft Visual Studio Solution File, Format Version 12.00
# Visual Studio 15
VisualStudioVersion = 15.0.27130.2027
MinimumVisualStudioVersion = 10.0.40219.1
Project("{FAE04EC0-301F-11D3-BF4B-00C04F79EFBC}") = "QLCDT-WF", "QLCDT-WF\QLCDT-WF.csproj", "{18660F9F-A115-4D07-8EAC-63FAF7C7D7A6}"
EndProject
Project("{FAE04EC0-301F-11D3-BF4B-00C04F79EFBC}") = "QLCDT-MVC", "..\QLCDT1\QLCDT1\QLCDT-MVC.csproj", "{35EED023-F540-4731-8853-67954D8BED53}"
EndProject
Global
	GlobalSection(SolutionConfigurationPlatforms) = preSolution
		Debug|Any CPU = Debug|Any CPU
		Release|Any CPU = Release|Any CPU
	EndGlobalSection
	GlobalSection(ProjectConfigurationPlatforms) = postSolution
		{18660F9F-A115-4D07-8EAC-63FAF7C7D7A6}.Debug|Any CPU.ActiveCfg = Debug|Any CPU
		{18660F9F-A115-4D07-8EAC-63FAF7C7D7A6}.Debug|Any CPU.Build.0 = Debug|Any CPU
		{18660F9F-A115-4D07-8EAC-63FAF7C7D7A6}.Release|Any CPU.ActiveCfg = Release|Any CPU
		{18660F9F-A115-4D07-8EAC-63FAF7C7D7A6}.Release|Any CPU.Build.0 = Release|Any CPU
		{35EED023-F540-4731-8853-67954D8BED53}.Debug|Any CPU.ActiveCfg = Debug|Any CPU
		{35EED023-F540-4731-8853-67954D8BED53}.Debug|Any CPU.Build.0 = Debug|Any CPU
		{35EED023-F540-4731-8853-67954D8BED53}.Release|Any CPU.ActiveCfg = Release|Any CPU
		{35EED023-F540-4731-8853-67954D8BED53}.Release|Any CPU.Build.0 = Release|Any CPU
	EndGlobalSection
	GlobalSection(SolutionProperties) = preSolution
		HideSolutionNode = FALSE
	EndGlobalSection
	GlobalSection(ExtensibilityGlobals) = postSolution
		SolutionGuid = {87647D48-DFF1-4501-8B38-0FAEA1D4E821}
	EndGlobalSection
EndGlobal
